
Microsoft Visual Studio Solution File, Format Version 12.00
# Visual Studio 15
VisualStudioVersion = 15.0.27130.2010
MinimumVisualStudioVersion = 10.0.40219.1
Project("{FAE04EC0-301F-11D3-BF4B-00C04F79EFBC}") = "01.Box", "01.Box\01.Box.csproj", "{07E3DF40-00E3-4E1F-9C97-59D6FB934061}"
EndProject
Project("{FAE04EC0-301F-11D3-BF4B-00C04F79EFBC}") = "02.ArrayCreator", "02.ArrayCreator\02.ArrayCreator.csproj", "{DFB3D7A4-CC94-4D11-9A04-F78DD409E921}"
EndProject
Project("{FAE04EC0-301F-11D3-BF4B-00C04F79EFBC}") = "03.Scale", "03.Scale\03.Scale.csproj", "{20E19295-942E-4990-82D2-84095545833C}"
EndProject
Global
	GlobalSection(SolutionConfigurationPlatforms) = preSolution
		Debug|Any CPU = Debug|Any CPU
		Release|Any CPU = Release|Any CPU
	EndGlobalSection
	GlobalSection(ProjectConfigurationPlatforms) = postSolution
		{07E3DF40-00E3-4E1F-9C97-59D6FB934061}.Debug|Any CPU.ActiveCfg = Debug|Any CPU
		{07E3DF40-00E3-4E1F-9C97-59D6FB934061}.Debug|Any CPU.Build.0 = Debug|Any CPU
		{07E3DF40-00E3-4E1F-9C97-59D6FB934061}.Release|Any CPU.ActiveCfg = Release|Any CPU
		{07E3DF40-00E3-4E1F-9C97-59D6FB934061}.Release|Any CPU.Build.0 = Release|Any CPU
		{DFB3D7A4-CC94-4D11-9A04-F78DD409E921}.Debug|Any CPU.ActiveCfg = Debug|Any CPU
		{DFB3D7A4-CC94-4D11-9A04-F78DD409E921}.Debug|Any CPU.Build.0 = Debug|Any CPU
		{DFB3D7A4-CC94-4D11-9A04-F78DD409E921}.Release|Any CPU.ActiveCfg = Release|Any CPU
		{DFB3D7A4-CC94-4D11-9A04-F78DD409E921}.Release|Any CPU.Build.0 = Release|Any CPU
		{20E19295-942E-4990-82D2-84095545833C}.Debug|Any CPU.ActiveCfg = Debug|Any CPU
		{20E19295-942E-4990-82D2-84095545833C}.Debug|Any CPU.Build.0 = Debug|Any CPU
		{20E19295-942E-4990-82D2-84095545833C}.Release|Any CPU.ActiveCfg = Release|Any CPU
		{20E19295-942E-4990-82D2-84095545833C}.Release|Any CPU.Build.0 = Release|Any CPU
	EndGlobalSection
	GlobalSection(SolutionProperties) = preSolution
		HideSolutionNode = FALSE
	EndGlobalSection
	GlobalSection(ExtensibilityGlobals) = postSolution
		SolutionGuid = {CE592AB3-50B2-400B-A372-C79C3F251022}
	EndGlobalSection
EndGlobal
