
Microsoft Visual Studio Solution File, Format Version 12.00
# Visual Studio 15
VisualStudioVersion = 15.0.27130.2010
MinimumVisualStudioVersion = 10.0.40219.1
Project("{FAE04EC0-301F-11D3-BF4B-00C04F79EFBC}") = "Last Army", "Last Army\Last Army.csproj", "{FA1AC72F-2CD0-4247-9078-B9BD8C9216CC}"
EndProject
Project("{FAE04EC0-301F-11D3-BF4B-00C04F79EFBC}") = "LastArmyTests", "LastArmyTests\LastArmyTests.csproj", "{B1D8D1AB-C6FF-4E03-8B73-321621A1D9C9}"
EndProject
Global
	GlobalSection(SolutionConfigurationPlatforms) = preSolution
		Debug|Any CPU = Debug|Any CPU
		Release|Any CPU = Release|Any CPU
	EndGlobalSection
	GlobalSection(ProjectConfigurationPlatforms) = postSolution
		{FA1AC72F-2CD0-4247-9078-B9BD8C9216CC}.Debug|Any CPU.ActiveCfg = Debug|Any CPU
		{FA1AC72F-2CD0-4247-9078-B9BD8C9216CC}.Debug|Any CPU.Build.0 = Debug|Any CPU
		{FA1AC72F-2CD0-4247-9078-B9BD8C9216CC}.Release|Any CPU.ActiveCfg = Release|Any CPU
		{FA1AC72F-2CD0-4247-9078-B9BD8C9216CC}.Release|Any CPU.Build.0 = Release|Any CPU
		{B1D8D1AB-C6FF-4E03-8B73-321621A1D9C9}.Debug|Any CPU.ActiveCfg = Debug|Any CPU
		{B1D8D1AB-C6FF-4E03-8B73-321621A1D9C9}.Debug|Any CPU.Build.0 = Debug|Any CPU
		{B1D8D1AB-C6FF-4E03-8B73-321621A1D9C9}.Release|Any CPU.ActiveCfg = Release|Any CPU
		{B1D8D1AB-C6FF-4E03-8B73-321621A1D9C9}.Release|Any CPU.Build.0 = Release|Any CPU
	EndGlobalSection
	GlobalSection(SolutionProperties) = preSolution
		HideSolutionNode = FALSE
	EndGlobalSection
	GlobalSection(ExtensibilityGlobals) = postSolution
		SolutionGuid = {065BE1C0-084A-4E12-A1D5-C727E5B7A65A}
	EndGlobalSection
EndGlobal
