
Microsoft Visual Studio Solution File, Format Version 12.00
# Visual Studio 15
VisualStudioVersion = 15.0.27130.2010
MinimumVisualStudioVersion = 10.0.40219.1
Project("{FAE04EC0-301F-11D3-BF4B-00C04F79EFBC}") = "Minedraft", "Minedraft\Minedraft.csproj", "{C9F76CD5-6F90-401E-9022-46541D91A71A}"
EndProject
Global
	GlobalSection(SolutionConfigurationPlatforms) = preSolution
		Debug|Any CPU = Debug|Any CPU
		Release|Any CPU = Release|Any CPU
	EndGlobalSection
	GlobalSection(ProjectConfigurationPlatforms) = postSolution
		{C9F76CD5-6F90-401E-9022-46541D91A71A}.Debug|Any CPU.ActiveCfg = Debug|Any CPU
		{C9F76CD5-6F90-401E-9022-46541D91A71A}.Debug|Any CPU.Build.0 = Debug|Any CPU
		{C9F76CD5-6F90-401E-9022-46541D91A71A}.Release|Any CPU.ActiveCfg = Release|Any CPU
		{C9F76CD5-6F90-401E-9022-46541D91A71A}.Release|Any CPU.Build.0 = Release|Any CPU
	EndGlobalSection
	GlobalSection(SolutionProperties) = preSolution
		HideSolutionNode = FALSE
	EndGlobalSection
	GlobalSection(ExtensibilityGlobals) = postSolution
		SolutionGuid = {1E4C1FDE-41A0-4E42-A1F2-643DD211A5CE}
	EndGlobalSection
EndGlobal
