
Microsoft Visual Studio Solution File, Format Version 12.00
# Visual Studio 15
VisualStudioVersion = 15.0.27130.2010
MinimumVisualStudioVersion = 10.0.40219.1
Project("{FAE04EC0-301F-11D3-BF4B-00C04F79EFBC}") = "01.SingleInheritance", "01.SingleInheritance\01.SingleInheritance.csproj", "{DA243EF4-1534-47B7-BAAD-FF93B48FCA95}"
EndProject
Project("{FAE04EC0-301F-11D3-BF4B-00C04F79EFBC}") = "02.MultipleInheritance", "02.MultipleInheritance\02.MultipleInheritance.csproj", "{2D68B8CA-1CCB-4825-84BF-4483BF58E5A9}"
EndProject
Project("{FAE04EC0-301F-11D3-BF4B-00C04F79EFBC}") = "03.HierarchicalInheritance", "03.HierarchicalInheritance\03.HierarchicalInheritance.csproj", "{B02A39BB-ED0D-42C4-A17F-C2698CCC6BBC}"
EndProject
Project("{FAE04EC0-301F-11D3-BF4B-00C04F79EFBC}") = "04.RandomList", "04.RandomList\04.RandomList.csproj", "{304128D1-242E-41E3-9606-AD869ED7D7D3}"
EndProject
Project("{FAE04EC0-301F-11D3-BF4B-00C04F79EFBC}") = "05.StackOfStrings", "05.StackOfStrings\05.StackOfStrings.csproj", "{F2A35C59-202D-4110-9640-221BBA4ED909}"
EndProject
Global
	GlobalSection(SolutionConfigurationPlatforms) = preSolution
		Debug|Any CPU = Debug|Any CPU
		Release|Any CPU = Release|Any CPU
	EndGlobalSection
	GlobalSection(ProjectConfigurationPlatforms) = postSolution
		{DA243EF4-1534-47B7-BAAD-FF93B48FCA95}.Debug|Any CPU.ActiveCfg = Debug|Any CPU
		{DA243EF4-1534-47B7-BAAD-FF93B48FCA95}.Debug|Any CPU.Build.0 = Debug|Any CPU
		{DA243EF4-1534-47B7-BAAD-FF93B48FCA95}.Release|Any CPU.ActiveCfg = Release|Any CPU
		{DA243EF4-1534-47B7-BAAD-FF93B48FCA95}.Release|Any CPU.Build.0 = Release|Any CPU
		{2D68B8CA-1CCB-4825-84BF-4483BF58E5A9}.Debug|Any CPU.ActiveCfg = Debug|Any CPU
		{2D68B8CA-1CCB-4825-84BF-4483BF58E5A9}.Debug|Any CPU.Build.0 = Debug|Any CPU
		{2D68B8CA-1CCB-4825-84BF-4483BF58E5A9}.Release|Any CPU.ActiveCfg = Release|Any CPU
		{2D68B8CA-1CCB-4825-84BF-4483BF58E5A9}.Release|Any CPU.Build.0 = Release|Any CPU
		{B02A39BB-ED0D-42C4-A17F-C2698CCC6BBC}.Debug|Any CPU.ActiveCfg = Debug|Any CPU
		{B02A39BB-ED0D-42C4-A17F-C2698CCC6BBC}.Debug|Any CPU.Build.0 = Debug|Any CPU
		{B02A39BB-ED0D-42C4-A17F-C2698CCC6BBC}.Release|Any CPU.ActiveCfg = Release|Any CPU
		{B02A39BB-ED0D-42C4-A17F-C2698CCC6BBC}.Release|Any CPU.Build.0 = Release|Any CPU
		{304128D1-242E-41E3-9606-AD869ED7D7D3}.Debug|Any CPU.ActiveCfg = Debug|Any CPU
		{304128D1-242E-41E3-9606-AD869ED7D7D3}.Debug|Any CPU.Build.0 = Debug|Any CPU
		{304128D1-242E-41E3-9606-AD869ED7D7D3}.Release|Any CPU.ActiveCfg = Release|Any CPU
		{304128D1-242E-41E3-9606-AD869ED7D7D3}.Release|Any CPU.Build.0 = Release|Any CPU
		{F2A35C59-202D-4110-9640-221BBA4ED909}.Debug|Any CPU.ActiveCfg = Debug|Any CPU
		{F2A35C59-202D-4110-9640-221BBA4ED909}.Debug|Any CPU.Build.0 = Debug|Any CPU
		{F2A35C59-202D-4110-9640-221BBA4ED909}.Release|Any CPU.ActiveCfg = Release|Any CPU
		{F2A35C59-202D-4110-9640-221BBA4ED909}.Release|Any CPU.Build.0 = Release|Any CPU
	EndGlobalSection
	GlobalSection(SolutionProperties) = preSolution
		HideSolutionNode = FALSE
	EndGlobalSection
	GlobalSection(ExtensibilityGlobals) = postSolution
		SolutionGuid = {B1C24F4E-0DBB-40DA-ACC1-4BEDB7CE6C6E}
	EndGlobalSection
EndGlobal
